{
	"name": "@pallad/cascade",
	"version": "0.2.2",
	"lockfileVersion": 1,
	"requires": true,
	"dependencies": {
		"@pallad/builder": {
			"version": "1.0.1",
			"resolved": "https://registry.npmjs.org/@pallad/builder/-/builder-1.0.1.tgz",
			"integrity": "sha512-0P0vZ19MdS00BoSrFD8BOdTc+WEIHqp6E0x7XADj3yS+fsUEblJib2l8eAaaIkRKO7qZBQeC3zk+EODhpkZ3+w=="
		}
	}
}
